# This file is @generated by PDM.
# It is not intended for manual editing.

[metadata]
groups = ["default"]
strategy = ["inherit_metadata"]
lock_version = "4.5.0"
content_hash = "sha256:1646b7d7acfe1a27935979cbf465d5bb94ae4fea7d34354b0fcb7dcbdbd404e6"

[[metadata.targets]]
requires_python = "==3.12.*"

[[package]]
name = "argparse-formatter"
version = "1.4"
summary = "Paragraph-preserving formatter for argparse"
groups = ["default"]
files = [
    {file = "argparse_formatter-1.4-py3-none-any.whl", hash = "sha256:c1ce58a68ed83d5204e1515c6f8fb52f5f32fc21bc993faa80f0b17a78090265"},
    {file = "argparse_formatter-1.4.tar.gz", hash = "sha256:35027941a1e75a1a4df21e5c40a3395d311777d9bb1cfd9744d6ff7cc28de216"},
]

[[package]]
name = "pulp"
version = "3.1.1"
requires_python = ">=3.7"
summary = "PuLP is an LP modeler written in python. PuLP can generate MPS or LP files and call GLPK, COIN CLP/CBC, CPLEX, and GUROBI to solve linear problems."
groups = ["default"]
files = [
    {file = "pulp-3.1.1-py3-none-any.whl", hash = "sha256:ad9d46afaf78a708270a2fa9b38e56536584c048dfbd7a6dbc719abee1051261"},
    {file = "pulp-3.1.1.tar.gz", hash = "sha256:300a330e917c9ca9ac7fda6f5849bbf30d489c368117f197a3e3fd0bc1966d95"},
]
